
Microsoft Visual Studio Solution File, Format Version 12.00
# Visual Studio Version 16
VisualStudioVersion = 16.0.31105.61
MinimumVisualStudioVersion = 10.0.40219.1
Project("{FAE04EC0-301F-11D3-BF4B-00C04F79EFBC}") = "Bitacora", "Bitacora\Bitacora.csproj", "{70B6866C-D6DD-45C8-AD3D-4849855201EE}"
EndProject
Global
	GlobalSection(SolutionConfigurationPlatforms) = preSolution
		Debug|Any CPU = Debug|Any CPU
		Release|Any CPU = Release|Any CPU
	EndGlobalSection
	GlobalSection(ProjectConfigurationPlatforms) = postSolution
		{70B6866C-D6DD-45C8-AD3D-4849855201EE}.Debug|Any CPU.ActiveCfg = Debug|Any CPU
		{70B6866C-D6DD-45C8-AD3D-4849855201EE}.Debug|Any CPU.Build.0 = Debug|Any CPU
		{70B6866C-D6DD-45C8-AD3D-4849855201EE}.Release|Any CPU.ActiveCfg = Release|Any CPU
		{70B6866C-D6DD-45C8-AD3D-4849855201EE}.Release|Any CPU.Build.0 = Release|Any CPU
	EndGlobalSection
	GlobalSection(SolutionProperties) = preSolution
		HideSolutionNode = FALSE
	EndGlobalSection
	GlobalSection(ExtensibilityGlobals) = postSolution
		SolutionGuid = {B44CB87A-924D-4592-88D0-D16BF139F077}
	EndGlobalSection
EndGlobal
